{
    "name": "@kahi-docs/config",
    "version": "0.3.0",
    "lockfileVersion": 2,
    "requires": true,
    "packages": {
        "": {
            "name": "@kahi-docs/config",
            "version": "0.3.0",
            "dependencies": {
                "@kahi-docs/shared": "file:../@kahi-docs-shared",
                "@novacbn/svelte-pipeline": "^0.2.0"
            },
            "devDependencies": {
                "prettier": "^2.3.1",
                "typescript": "^4.3.5"
            },
            "peerDependencies": {
                "svelte": "^3.38.3"
            }
        },
        "../@kahi-docs-shared": {
            "name": "@kahi-docs/shared",
            "version": "0.3.0",
            "dependencies": {
                "@kahi-docs/config": "file:../@kahi-docs-config",
                "@kahi-docs/markdown": "file:../@kahi-docs-markdown",
                "svelte-local-storage-store": "^0.2.3"
            },
            "devDependencies": {
                "prettier": "^2.3.1",
                "typescript": "^4.3.5"
            },
            "peerDependencies": {
                "svelte": "^3.38.3"
            }
        },
        "node_modules/@kahi-docs/shared": {
            "resolved": "../@kahi-docs-shared",
            "link": true
        },
        "node_modules/@novacbn/svelte-pipeline": {
            "version": "0.2.0",
            "resolved": "https://registry.npmjs.org/@novacbn/svelte-pipeline/-/svelte-pipeline-0.2.0.tgz",
            "integrity": "sha512-UEHPp+ZDA3X1Qe5tWYHRTjAkHs8Q04pWJg0CFUmcUWJSqpH4yxGnX9YyqZ5Qyct6lwoJBjdY2+OuK5Gs82NsLA==",
            "dependencies": {
                "svelte": "^3.38.2",
                "svelte-codejar": "github:novacbn/svelte-codejar#0.0.4"
            }
        },
        "node_modules/codejar": {
            "version": "3.5.0",
            "resolved": "https://registry.npmjs.org/codejar/-/codejar-3.5.0.tgz",
            "integrity": "sha512-uXrFZZ+yb23YY7+WtTux2Yyokt+Lty/kBnW/OhhEGp8IW8/lrJw5Gs1wwCyt2vpMfsVdudLmV5xAgYqsZY/49A=="
        },
        "node_modules/prettier": {
            "version": "2.3.2",
            "resolved": "https://registry.npmjs.org/prettier/-/prettier-2.3.2.tgz",
            "integrity": "sha512-lnJzDfJ66zkMy58OL5/NY5zp70S7Nz6KqcKkXYzn2tMVrNxvbqaBpg7H3qHaLxCJ5lNMsGuM8+ohS7cZrthdLQ==",
            "dev": true,
            "bin": {
                "prettier": "bin-prettier.js"
            },
            "engines": {
                "node": ">=10.13.0"
            }
        },
        "node_modules/svelte": {
            "version": "3.38.3",
            "resolved": "https://registry.npmjs.org/svelte/-/svelte-3.38.3.tgz",
            "integrity": "sha512-N7bBZJH0iF24wsalFZF+fVYMUOigaAUQMIcEKHO3jstK/iL8VmP9xE+P0/a76+FkNcWt+TDv2Gx1taUoUscrvw==",
            "engines": {
                "node": ">= 8"
            }
        },
        "node_modules/svelte-codejar": {
            "version": "0.0.4",
            "resolved": "git+ssh://git@github.com/novacbn/svelte-codejar.git#aa9e539bba1bc665865e4b6886cecf3d684706b8",
            "dependencies": {
                "codejar": "^3.4.0"
            }
        },
        "node_modules/typescript": {
            "version": "4.3.5",
            "resolved": "https://registry.npmjs.org/typescript/-/typescript-4.3.5.tgz",
            "integrity": "sha512-DqQgihaQ9cUrskJo9kIyW/+g0Vxsk8cDtZ52a3NGh0YNTfpUSArXSohyUGnvbPazEPLu398C0UxmKSOrPumUzA==",
            "dev": true,
            "bin": {
                "tsc": "bin/tsc",
                "tsserver": "bin/tsserver"
            },
            "engines": {
                "node": ">=4.2.0"
            }
        }
    },
    "dependencies": {
        "@kahi-docs/shared": {
            "version": "file:../@kahi-docs-shared",
            "requires": {
                "@kahi-docs/config": "file:../@kahi-docs-config",
                "@kahi-docs/markdown": "file:../@kahi-docs-markdown",
                "prettier": "^2.3.1",
                "svelte-local-storage-store": "^0.2.3",
                "typescript": "^4.3.5"
            }
        },
        "@novacbn/svelte-pipeline": {
            "version": "0.2.0",
            "resolved": "https://registry.npmjs.org/@novacbn/svelte-pipeline/-/svelte-pipeline-0.2.0.tgz",
            "integrity": "sha512-UEHPp+ZDA3X1Qe5tWYHRTjAkHs8Q04pWJg0CFUmcUWJSqpH4yxGnX9YyqZ5Qyct6lwoJBjdY2+OuK5Gs82NsLA==",
            "requires": {
                "svelte": "^3.38.2",
                "svelte-codejar": "github:novacbn/svelte-codejar#0.0.4"
            }
        },
        "codejar": {
            "version": "3.5.0",
            "resolved": "https://registry.npmjs.org/codejar/-/codejar-3.5.0.tgz",
            "integrity": "sha512-uXrFZZ+yb23YY7+WtTux2Yyokt+Lty/kBnW/OhhEGp8IW8/lrJw5Gs1wwCyt2vpMfsVdudLmV5xAgYqsZY/49A=="
        },
        "prettier": {
            "version": "2.3.2",
            "resolved": "https://registry.npmjs.org/prettier/-/prettier-2.3.2.tgz",
            "integrity": "sha512-lnJzDfJ66zkMy58OL5/NY5zp70S7Nz6KqcKkXYzn2tMVrNxvbqaBpg7H3qHaLxCJ5lNMsGuM8+ohS7cZrthdLQ==",
            "dev": true
        },
        "svelte": {
            "version": "3.38.3",
            "resolved": "https://registry.npmjs.org/svelte/-/svelte-3.38.3.tgz",
            "integrity": "sha512-N7bBZJH0iF24wsalFZF+fVYMUOigaAUQMIcEKHO3jstK/iL8VmP9xE+P0/a76+FkNcWt+TDv2Gx1taUoUscrvw=="
        },
        "svelte-codejar": {
            "version": "git+ssh://git@github.com/novacbn/svelte-codejar.git#aa9e539bba1bc665865e4b6886cecf3d684706b8",
            "from": "svelte-codejar@github:novacbn/svelte-codejar#0.0.4",
            "requires": {
                "codejar": "^3.4.0"
            }
        },
        "typescript": {
            "version": "4.3.5",
            "resolved": "https://registry.npmjs.org/typescript/-/typescript-4.3.5.tgz",
            "integrity": "sha512-DqQgihaQ9cUrskJo9kIyW/+g0Vxsk8cDtZ52a3NGh0YNTfpUSArXSohyUGnvbPazEPLu398C0UxmKSOrPumUzA==",
            "dev": true
        }
    }
}
