{
    "name": "@kahi-docs/shared",
    "version": "0.3.0",
    "lockfileVersion": 2,
    "requires": true,
    "packages": {
        "": {
            "name": "@kahi-docs/shared",
            "version": "0.3.0",
            "dependencies": {
                "@kahi-docs/config": "file:../@kahi-docs-config",
                "@kahi-docs/markdown": "file:../@kahi-docs-markdown",
                "svelte-local-storage-store": "^0.2.3"
            },
            "devDependencies": {
                "prettier": "^2.3.1",
                "typescript": "^4.3.5"
            },
            "peerDependencies": {
                "svelte": "^3.38.3"
            }
        },
        "../@kahi-docs-config": {
            "name": "@kahi-docs/config",
            "version": "0.3.0",
            "dependencies": {
                "@kahi-docs/shared": "file:../@kahi-docs-shared"
            },
            "devDependencies": {
                "prettier": "^2.3.1",
                "svelte-pipeline": "github:novacbn/svelte-pipeline#0.1.2",
                "typescript": "^4.3.5"
            },
            "peerDependencies": {
                "svelte": "^3.38.3"
            }
        },
        "../@kahi-docs-markdown": {
            "version": "0.3.0",
            "dependencies": {
                "@cfworker/json-schema": "^1.8.1",
                "@iarna/toml": "^2.2.5",
                "@kahi-docs/node": "file:../@kahi-docs-node",
                "@kahi-docs/shared": "file:../@kahi-docs-shared",
                "github-slugger": "^1.3.0",
                "gray-matter": "^4.0.3",
                "markdown-it": "^12.0.6",
                "prismjs": "^1.23.0"
            },
            "devDependencies": {
                "@types/github-slugger": "^1.3.0",
                "@types/markdown-it": "^12.0.1",
                "@types/prismjs": "^1.16.5",
                "prettier": "^2.3.1",
                "typescript": "^4.3.5"
            }
        },
        "node_modules/@kahi-docs/config": {
            "resolved": "../@kahi-docs-config",
            "link": true
        },
        "node_modules/@kahi-docs/markdown": {
            "resolved": "../@kahi-docs-markdown",
            "link": true
        },
        "node_modules/prettier": {
            "version": "2.3.2",
            "resolved": "https://registry.npmjs.org/prettier/-/prettier-2.3.2.tgz",
            "integrity": "sha512-lnJzDfJ66zkMy58OL5/NY5zp70S7Nz6KqcKkXYzn2tMVrNxvbqaBpg7H3qHaLxCJ5lNMsGuM8+ohS7cZrthdLQ==",
            "dev": true,
            "bin": {
                "prettier": "bin-prettier.js"
            },
            "engines": {
                "node": ">=10.13.0"
            }
        },
        "node_modules/svelte": {
            "version": "3.38.3",
            "resolved": "https://registry.npmjs.org/svelte/-/svelte-3.38.3.tgz",
            "integrity": "sha512-N7bBZJH0iF24wsalFZF+fVYMUOigaAUQMIcEKHO3jstK/iL8VmP9xE+P0/a76+FkNcWt+TDv2Gx1taUoUscrvw==",
            "peer": true,
            "engines": {
                "node": ">= 8"
            }
        },
        "node_modules/svelte-local-storage-store": {
            "version": "0.2.3",
            "resolved": "https://registry.npmjs.org/svelte-local-storage-store/-/svelte-local-storage-store-0.2.3.tgz",
            "integrity": "sha512-xpo8Q+PTJWnmUrnGy13rItn0ZSTPEh826GoYbNZ5RCdJEUEayY6dmvoS7HTvrzyzYkiozQ1PKOuge5uuIof3NQ==",
            "engines": {
                "node": ">=0.14"
            },
            "peerDependencies": {
                "svelte": "^3.38.2"
            }
        },
        "node_modules/typescript": {
            "version": "4.3.5",
            "resolved": "https://registry.npmjs.org/typescript/-/typescript-4.3.5.tgz",
            "integrity": "sha512-DqQgihaQ9cUrskJo9kIyW/+g0Vxsk8cDtZ52a3NGh0YNTfpUSArXSohyUGnvbPazEPLu398C0UxmKSOrPumUzA==",
            "dev": true,
            "bin": {
                "tsc": "bin/tsc",
                "tsserver": "bin/tsserver"
            },
            "engines": {
                "node": ">=4.2.0"
            }
        }
    },
    "dependencies": {
        "@kahi-docs/config": {
            "version": "file:../@kahi-docs-config",
            "requires": {
                "@kahi-docs/shared": "file:../@kahi-docs-shared",
                "prettier": "^2.3.1",
                "svelte-pipeline": "github:novacbn/svelte-pipeline#0.1.2",
                "typescript": "^4.3.5"
            }
        },
        "@kahi-docs/markdown": {
            "version": "file:../@kahi-docs-markdown",
            "requires": {
                "@cfworker/json-schema": "^1.8.1",
                "@iarna/toml": "^2.2.5",
                "@kahi-docs/node": "file:../@kahi-docs-node",
                "@kahi-docs/shared": "file:../@kahi-docs-shared",
                "@types/github-slugger": "^1.3.0",
                "@types/markdown-it": "^12.0.1",
                "@types/prismjs": "^1.16.5",
                "github-slugger": "^1.3.0",
                "gray-matter": "^4.0.3",
                "markdown-it": "^12.0.6",
                "prettier": "^2.3.1",
                "prismjs": "^1.23.0",
                "typescript": "^4.3.5"
            }
        },
        "prettier": {
            "version": "2.3.2",
            "resolved": "https://registry.npmjs.org/prettier/-/prettier-2.3.2.tgz",
            "integrity": "sha512-lnJzDfJ66zkMy58OL5/NY5zp70S7Nz6KqcKkXYzn2tMVrNxvbqaBpg7H3qHaLxCJ5lNMsGuM8+ohS7cZrthdLQ==",
            "dev": true
        },
        "svelte": {
            "version": "3.38.3",
            "resolved": "https://registry.npmjs.org/svelte/-/svelte-3.38.3.tgz",
            "integrity": "sha512-N7bBZJH0iF24wsalFZF+fVYMUOigaAUQMIcEKHO3jstK/iL8VmP9xE+P0/a76+FkNcWt+TDv2Gx1taUoUscrvw==",
            "peer": true
        },
        "svelte-local-storage-store": {
            "version": "0.2.3",
            "resolved": "https://registry.npmjs.org/svelte-local-storage-store/-/svelte-local-storage-store-0.2.3.tgz",
            "integrity": "sha512-xpo8Q+PTJWnmUrnGy13rItn0ZSTPEh826GoYbNZ5RCdJEUEayY6dmvoS7HTvrzyzYkiozQ1PKOuge5uuIof3NQ==",
            "requires": {}
        },
        "typescript": {
            "version": "4.3.5",
            "resolved": "https://registry.npmjs.org/typescript/-/typescript-4.3.5.tgz",
            "integrity": "sha512-DqQgihaQ9cUrskJo9kIyW/+g0Vxsk8cDtZ52a3NGh0YNTfpUSArXSohyUGnvbPazEPLu398C0UxmKSOrPumUzA==",
            "dev": true
        }
    }
}
